// !$*UTF8*$!
{
	archiveVersion = 1;
	classes = {
	};
	objectVersion = 48;
	objects = {

/* Begin PBXBuildFile section */
		C3E8ED671FA2EC48008DDB83 /* AppDelegate.swift in Sources */ = {isa = PBXBuildFile; fileRef = C3E8ED661FA2EC48008DDB83 /* AppDelegate.swift */; };
		C3E8ED691FA2EC48008DDB83 /* ViewController.swift in Sources */ = {isa = PBXBuildFile; fileRef = C3E8ED681FA2EC48008DDB83 /* ViewController.swift */; };
		C3E8ED6C1FA2EC48008DDB83 /* Main.storyboard in Resources */ = {isa = PBXBuildFile; fileRef = C3E8ED6A1FA2EC48008DDB83 /* Main.storyboard */; };
		C3E8ED6F1FA2EC48008DDB83 /* iPlay.xcdatamodeld in Sources */ = {isa = PBXBuildFile; fileRef = C3E8ED6D1FA2EC48008DDB83 /* iPlay.xcdatamodeld */; };
		C3E8ED711FA2EC48008DDB83 /* Assets.xcassets in Resources */ = {isa = PBXBuildFile; fileRef = C3E8ED701FA2EC48008DDB83 /* Assets.xcassets */; };
		C3E8ED741FA2EC48008DDB83 /* LaunchScreen.storyboard in Resources */ = {isa = PBXBuildFile; fileRef = C3E8ED721FA2EC48008DDB83 /* LaunchScreen.storyboard */; };
/* End PBXBuildFile section */

/* Begin PBXFileReference section */
		C3E8ED631FA2EC48008DDB83 /* iPlay.app */ = {isa = PBXFileReference; explicitFileType = wrapper.application; includeInIndex = 0; path = iPlay.app; sourceTree = BUILT_PRODUCTS_DIR; };
		C3E8ED661FA2EC48008DDB83 /* AppDelegate.swift */ = {isa = PBXFileReference; lastKnownFileType = sourcecode.swift; path = AppDelegate.swift; sourceTree = "<group>"; };
		C3E8ED681FA2EC48008DDB83 /* ViewController.swift */ = {isa = PBXFileReference; lastKnownFileType = sourcecode.swift; path = ViewController.swift; sourceTree = "<group>"; };
		C3E8ED6B1FA2EC48008DDB83 /* Base */ = {isa = PBXFileReference; lastKnownFileType = file.storyboard; name = Base; path = Base.lproj/Main.storyboard; sourceTree = "<group>"; };
		C3E8ED6E1FA2EC48008DDB83 /* iPlay.xcdatamodel */ = {isa = PBXFileReference; lastKnownFileType = wrapper.xcdatamodel; path = iPlay.xcdatamodel; sourceTree = "<group>"; };
		C3E8ED701FA2EC48008DDB83 /* Assets.xcassets */ = {isa = PBXFileReference; lastKnownFileType = folder.assetcatalog; path = Assets.xcassets; sourceTree = "<group>"; };
		C3E8ED731FA2EC48008DDB83 /* Base */ = {isa = PBXFileReference; lastKnownFileType = file.storyboard; name = Base; path = Base.lproj/LaunchScreen.storyboard; sourceTree = "<group>"; };
		C3E8ED751FA2EC48008DDB83 /* Info.plist */ = {isa = PBXFileReference; lastKnownFileType = text.plist.xml; path = Info.plist; sourceTree = "<group>"; };
/* End PBXFileReference section */

/* Begin PBXFrameworksBuildPhase section */
		C3E8ED601FA2EC48008DDB83 /* Frameworks */ = {
			isa = PBXFrameworksBuildPhase;
			buildActionMask = 2147483647;
			files = (
			);
			runOnlyForDeploymentPostprocessing = 0;
		};
/* End PBXFrameworksBuildPhase section */

/* Begin PBXGroup section */
		C3E8ED5A1FA2EC48008DDB83 = {
			isa = PBXGroup;
			children = (
				C3E8ED651FA2EC48008DDB83 /* iPlay */,
				C3E8ED641FA2EC48008DDB83 /* Products */,
			);
			sourceTree = "<group>";
		};
		C3E8ED641FA2EC48008DDB83 /* Products */ = {
			isa = PBXGroup;
			children = (
				C3E8ED631FA2EC48008DDB83 /* iPlay.app */,
			);
			name = Products;
			sourceTree = "<group>";
		};
		C3E8ED651FA2EC48008DDB83 /* iPlay */ = {
			isa = PBXGroup;
			children = (
				C3E8ED661FA2EC48008DDB83 /* AppDelegate.swift */,
				C3E8ED681FA2EC48008DDB83 /* ViewController.swift */,
				C3E8ED6A1FA2EC48008DDB83 /* Main.storyboard */,
				C3E8ED701FA2EC48008DDB83 /* Assets.xcassets */,
				C3E8ED721FA2EC48008DDB83 /* LaunchScreen.storyboard */,
				C3E8ED751FA2EC48008DDB83 /* Info.plist */,
				C3E8ED6D1FA2EC48008DDB83 /* iPlay.xcdatamodeld */,
			);
			path = iPlay;
			sourceTree = "<group>";
		};
/* End PBXGroup section */

/* Begin PBXNativeTarget section */
		C3E8ED621FA2EC48008DDB83 /* iPlay */ = {
			isa = PBXNativeTarget;
			buildConfigurationList = C3E8ED781FA2EC48008DDB83 /* Build configuration list for PBXNativeTarget "iPlay" */;
			buildPhases = (
				C3E8ED5F1FA2EC48008DDB83 /* Sources */,
				C3E8ED601FA2EC48008DDB83 /* Frameworks */,
				C3E8ED611FA2EC48008DDB83 /* Resources */,
			);
			buildRules = (
			);
			dependencies = (
			);
			name = iPlay;
			productName = iPlay;
			productReference = C3E8ED631FA2EC48008DDB83 /* iPlay.app */;
			productType = "com.apple.product-type.application";
		};
/* End PBXNativeTarget section */

/* Begin PBXProject section */
		C3E8ED5B1FA2EC48008DDB83 /* Project object */ = {
			isa = PBXProject;
			attributes = {
				LastSwiftUpdateCheck = 0900;
				LastUpgradeCheck = 0900;
				ORGANIZATIONNAME = mac_admin;
				TargetAttributes = {
					C3E8ED621FA2EC48008DDB83 = {
						CreatedOnToolsVersion = 9.0.1;
						ProvisioningStyle = Automatic;
					};
				};
			};
			buildConfigurationList = C3E8ED5E1FA2EC48008DDB83 /* Build configuration list for PBXProject "iPlay" */;
			compatibilityVersion = "Xcode 8.0";
			developmentRegion = en;
			hasScannedForEncodings = 0;
			knownRegions = (
				en,
				Base,
			);
			mainGroup = C3E8ED5A1FA2EC48008DDB83;
			productRefGroup = C3E8ED641FA2EC48008DDB83 /* Products */;
			projectDirPath = "";
			projectRoot = "";
			targets = (
				C3E8ED621FA2EC48008DDB83 /* iPlay */,
			);
		};
/* End PBXProject section */

/* Begin PBXResourcesBuildPhase section */
		C3E8ED611FA2EC48008DDB83 /* Resources */ = {
			isa = PBXResourcesBuildPhase;
			buildActionMask = 2147483647;
			files = (
				C3E8ED741FA2EC48008DDB83 /* LaunchScreen.storyboard in Resources */,
				C3E8ED711FA2EC48008DDB83 /* Assets.xcassets in Resources */,
				C3E8ED6C1FA2EC48008DDB83 /* Main.storyboard in Resources */,
			);
			runOnlyForDeploymentPostprocessing = 0;
		};
/* End PBXResourcesBuildPhase section */

/* Begin PBXSourcesBuildPhase section */
		C3E8ED5F1FA2EC48008DDB83 /* Sources */ = {
			isa = PBXSourcesBuildPhase;
			buildActionMask = 2147483647;
			files = (
				C3E8ED6F1FA2EC48008DDB83 /* iPlay.xcdatamodeld in Sources */,
				C3E8ED691FA2EC48008DDB83 /* ViewController.swift in Sources */,
				C3E8ED671FA2EC48008DDB83 /* AppDelegate.swift in Sources */,
			);
			runOnlyForDeploymentPostprocessing = 0;
		};
/* End PBXSourcesBuildPhase section */

/* Begin PBXVariantGroup section */
		C3E8ED6A1FA2EC48008DDB83 /* Main.storyboard */ = {
			isa = PBXVariantGroup;
			children = (
				C3E8ED6B1FA2EC48008DDB83 /* Base */,
			);
			name = Main.storyboard;
			sourceTree = "<group>";
		};
		C3E8ED721FA2EC48008DDB83 /* LaunchScreen.storyboard */ = {
			isa = PBXVariantGroup;
			children = (
				C3E8ED731FA2EC48008DDB83 /* Base */,
			);
			name = LaunchScreen.storyboard;
			sourceTree = "<group>";
		};
/* End PBXVariantGroup section */

/* Begin XCBuildConfiguration section */
		C3E8ED761FA2EC48008DDB83 /* Debug */ = {
			isa = XCBuildConfiguration;
			buildSettings = {
				ALWAYS_SEARCH_USER_PATHS = NO;
				CLANG_ANALYZER_NONNULL = YES;
				CLANG_ANALYZER_NUMBER_OBJECT_CONVERSION = YES_AGGRESSIVE;
				CLANG_CXX_LANGUAGE_STANDARD = "gnu++14";
				CLANG_CXX_LIBRARY = "libc++";
				CLANG_ENABLE_MODULES = YES;
				CLANG_ENABLE_OBJC_ARC = YES;
				CLANG_WARN_BLOCK_CAPTURE_AUTORELEASING = YES;
				CLANG_WARN_BOOL_CONVERSION = YES;
				CLANG_WARN_COMMA = YES;
				CLANG_WARN_CONSTANT_CONVERSION = YES;
				CLANG_WARN_DIRECT_OBJC_ISA_USAGE = YES_ERROR;
				CLANG_WARN_DOCUMENTATION_COMMENTS = YES;
				CLANG_WARN_EMPTY_BODY = YES;
				CLANG_WARN_ENUM_CONVERSION = YES;
				CLANG_WARN_INFINITE_RECURSION = YES;
				CLANG_WARN_INT_CONVERSION = YES;
				CLANG_WARN_NON_LITERAL_NULL_CONVERSION = YES;
				CLANG_WARN_OBJC_LITERAL_CONVERSION = YES;
				CLANG_WARN_OBJC_ROOT_CLASS = YES_ERROR;
				CLANG_WARN_RANGE_LOOP_ANALYSIS = YES;
				CLANG_WARN_STRICT_PROTOTYPES = YES;
				CLANG_WARN_SUSPICIOUS_MOVE = YES;
				CLANG_WARN_UNGUARDED_AVAILABILITY = YES_AGGRESSIVE;
				CLANG_WARN_UNREACHABLE_CODE = YES;
				CLANG_WARN__DUPLICATE_METHOD_MATCH = YES;
				CODE_SIGN_IDENTITY = "iPhone Developer";
				COPY_PHASE_STRIP = NO;
				DEBUG_INFORMATION_FORMAT = dwarf;
				ENABLE_STRICT_OBJC_MSGSEND = YES;
				ENABLE_TESTABILITY = YES;
				GCC_C_LANGUAGE_STANDARD = gnu11;
				GCC_DYNAMIC_NO_PIC = NO;
				GCC_NO_COMMON_BLOCKS = YES;
				GCC_OPTIMIZATION_LEVEL = 0;
				GCC_PREPROCESSOR_DEFINITIONS = (
					"DEBUG=1",
					"$(inherited)",
				);
				GCC_WARN_64_TO_32_BIT_CONVERSION = YES;
				GCC_WARN_ABOUT_RETURN_TYPE = YES_ERROR;
				GCC_WARN_UNDECLARED_SELECTOR = YES;
				GCC_WARN_UNINITIALIZED_AUTOS = YES_AGGRESSIVE;
				GCC_WARN_UNUSED_FUNCTION = YES;
				GCC_WARN_UNUSED_VARIABLE = YES;
				IPHONEOS_DEPLOYMENT_TARGET = 11.0;
				MTL_ENABLE_DEBUG_INFO = YES;
				ONLY_ACTIVE_ARCH = YES;
				SDKROOT = iphoneos;
				SWIFT_ACTIVE_COMPILATION_CONDITIONS = DEBUG;
				SWIFT_OPTIMIZATION_LEVEL = "-Onone";
			};
			name = Debug;
		};
		C3E8ED771FA2EC48008DDB83 /* Release */ = {
			isa = XCBuildConfiguration;
			buildSettings = {
				ALWAYS_SEARCH_USER_PATHS = NO;
				CLANG_ANALYZER_NONNULL = YES;
				CLANG_ANALYZER_NUMBER_OBJECT_CONVERSION = YES_AGGRESSIVE;
				CLANG_CXX_LANGUAGE_STANDARD = "gnu++14";
				CLANG_CXX_LIBRARY = "libc++";
				CLANG_ENABLE_MODULES = YES;
				CLANG_ENABLE_OBJC_ARC = YES;
				CLANG_WARN_BLOCK_CAPTURE_AUTORELEASING = YES;
				CLANG_WARN_BOOL_CONVERSION = YES;
				CLANG_WARN_COMMA = YES;
				CLANG_WARN_CONSTANT_CONVERSION = YES;
				CLANG_WARN_DIRECT_OBJC_ISA_USAGE = YES_ERROR;
				CLANG_WARN_DOCUMENTATION_COMMENTS = YES;
				CLANG_WARN_EMPTY_BODY = YES;
				CLANG_WARN_ENUM_CONVERSION = YES;
				CLANG_WARN_INFINITE_RECURSION = YES;
				CLANG_WARN_INT_CONVERSION = YES;
				CLANG_WARN_NON_LITERAL_NULL_CONVERSION = YES;
				CLANG_WARN_OBJC_LITERAL_CONVERSION = YES;
				CLANG_WARN_OBJC_ROOT_CLASS = YES_ERROR;
				CLANG_WARN_RANGE_LOOP_ANALYSIS = YES;
				CLANG_WARN_STRICT_PROTOTYPES = YES;
				CLANG_WARN_SUSPICIOUS_MOVE = YES;
				CLANG_WARN_UNGUARDED_AVAILABILITY = YES_AGGRESSIVE;
				CLANG_WARN_UNREACHABLE_CODE = YES;
				CLANG_WARN__DUPLICATE_METHOD_MATCH = YES;
				CODE_SIGN_IDENTITY = "iPhone Developer";
				COPY_PHASE_STRIP = NO;
				DEBUG_INFORMATION_FORMAT = "dwarf-with-dsym";
				ENABLE_NS_ASSERTIONS = NO;
				ENABLE_STRICT_OBJC_MSGSEND = YES;
				GCC_C_LANGUAGE_STANDARD = gnu11;
				GCC_NO_COMMON_BLOCKS = YES;
				GCC_WARN_64_TO_32_BIT_CONVERSION = YES;
				GCC_WARN_ABOUT_RETURN_TYPE = YES_ERROR;
				GCC_WARN_UNDECLARED_SELECTOR = YES;
				GCC_WARN_UNINITIALIZED_AUTOS = YES_AGGRESSIVE;
				GCC_WARN_UNUSED_FUNCTION = YES;
				GCC_WARN_UNUSED_VARIABLE = YES;
				IPHONEOS_DEPLOYMENT_TARGET = 11.0;
				MTL_ENABLE_DEBUG_INFO = NO;
				SDKROOT = iphoneos;
				SWIFT_OPTIMIZATION_LEVEL = "-Owholemodule";
				VALIDATE_PRODUCT = YES;
			};
			name = Release;
		};
		C3E8ED791FA2EC48008DDB83 /* Debug */ = {
			isa = XCBuildConfiguration;
			buildSettings = {
				ASSETCATALOG_COMPILER_APPICON_NAME = AppIcon;
				CODE_SIGN_STYLE = Automatic;
				INFOPLIST_FILE = iPlay/Info.plist;
				LD_RUNPATH_SEARCH_PATHS = "$(inherited) @executable_path/Frameworks";
				PRODUCT_BUNDLE_IDENTIFIER = ios.iPlay;
				PRODUCT_NAME = "$(TARGET_NAME)";
				SWIFT_VERSION = 4.0;
				TARGETED_DEVICE_FAMILY = "1,2";
			};
			name = Debug;
		};
		C3E8ED7A1FA2EC48008DDB83 /* Release */ = {
			isa = XCBuildConfiguration;
			buildSettings = {
				ASSETCATALOG_COMPILER_APPICON_NAME = AppIcon;
				CODE_SIGN_STYLE = Automatic;
				INFOPLIST_FILE = iPlay/Info.plist;
				LD_RUNPATH_SEARCH_PATHS = "$(inherited) @executable_path/Frameworks";
				PRODUCT_BUNDLE_IDENTIFIER = ios.iPlay;
				PRODUCT_NAME = "$(TARGET_NAME)";
				SWIFT_VERSION = 4.0;
				TARGETED_DEVICE_FAMILY = "1,2";
			};
			name = Release;
		};
/* End XCBuildConfiguration section */

/* Begin XCConfigurationList section */
		C3E8ED5E1FA2EC48008DDB83 /* Build configuration list for PBXProject "iPlay" */ = {
			isa = XCConfigurationList;
			buildConfigurations = (
				C3E8ED761FA2EC48008DDB83 /* Debug */,
				C3E8ED771FA2EC48008DDB83 /* Release */,
			);
			defaultConfigurationIsVisible = 0;
			defaultConfigurationName = Release;
		};
		C3E8ED781FA2EC48008DDB83 /* Build configuration list for PBXNativeTarget "iPlay" */ = {
			isa = XCConfigurationList;
			buildConfigurations = (
				C3E8ED791FA2EC48008DDB83 /* Debug */,
				C3E8ED7A1FA2EC48008DDB83 /* Release */,
			);
			defaultConfigurationIsVisible = 0;
			defaultConfigurationName = Release;
		};
/* End XCConfigurationList section */

/* Begin XCVersionGroup section */
		C3E8ED6D1FA2EC48008DDB83 /* iPlay.xcdatamodeld */ = {
			isa = XCVersionGroup;
			children = (
				C3E8ED6E1FA2EC48008DDB83 /* iPlay.xcdatamodel */,
			);
			currentVersion = C3E8ED6E1FA2EC48008DDB83 /* iPlay.xcdatamodel */;
			path = iPlay.xcdatamodeld;
			sourceTree = "<group>";
			versionGroupType = wrapper.xcdatamodel;
		};
/* End XCVersionGroup section */
	};
	rootObject = C3E8ED5B1FA2EC48008DDB83 /* Project object */;
}
